
Microsoft Visual Studio Solution File, Format Version 12.00
# Visual Studio Version 16
VisualStudioVersion = 16.0.29709.97
MinimumVisualStudioVersion = 10.0.40219.1
Project("{FAE04EC0-301F-11D3-BF4B-00C04F79EFBC}") = "Lemonade Stand", "Lemonade Stand.csproj", "{5A384330-6F52-40E5-BF12-0F78FA480E15}"
EndProject
Global
	GlobalSection(SolutionConfigurationPlatforms) = preSolution
		Debug|Any CPU = Debug|Any CPU
		Release|Any CPU = Release|Any CPU
	EndGlobalSection
	GlobalSection(ProjectConfigurationPlatforms) = postSolution
		{5A384330-6F52-40E5-BF12-0F78FA480E15}.Debug|Any CPU.ActiveCfg = Debug|Any CPU
		{5A384330-6F52-40E5-BF12-0F78FA480E15}.Debug|Any CPU.Build.0 = Debug|Any CPU
		{5A384330-6F52-40E5-BF12-0F78FA480E15}.Release|Any CPU.ActiveCfg = Release|Any CPU
		{5A384330-6F52-40E5-BF12-0F78FA480E15}.Release|Any CPU.Build.0 = Release|Any CPU
	EndGlobalSection
	GlobalSection(SolutionProperties) = preSolution
		HideSolutionNode = FALSE
	EndGlobalSection
	GlobalSection(ExtensibilityGlobals) = postSolution
		SolutionGuid = {CF6A7915-4B96-49D6-915E-088092DC3358}
	EndGlobalSection
EndGlobal
